
Microsoft Visual Studio Solution File, Format Version 12.00
# Visual Studio Version 17
VisualStudioVersion = 17.1.32210.238
MinimumVisualStudioVersion = 10.0.40219.1
Project("{FAE04EC0-301F-11D3-BF4B-00C04F79EFBC}") = "DZSchool_DIPLOM", "DZSchool_DIPLOM\DZSchool_DIPLOM.csproj", "{7ED008FB-D508-4F74-93B8-9EF8DB0578D9}"
EndProject
Global
	GlobalSection(SolutionConfigurationPlatforms) = preSolution
		Debug|Any CPU = Debug|Any CPU
		Release|Any CPU = Release|Any CPU
	EndGlobalSection
	GlobalSection(ProjectConfigurationPlatforms) = postSolution
		{7ED008FB-D508-4F74-93B8-9EF8DB0578D9}.Debug|Any CPU.ActiveCfg = Debug|Any CPU
		{7ED008FB-D508-4F74-93B8-9EF8DB0578D9}.Debug|Any CPU.Build.0 = Debug|Any CPU
		{7ED008FB-D508-4F74-93B8-9EF8DB0578D9}.Release|Any CPU.ActiveCfg = Release|Any CPU
		{7ED008FB-D508-4F74-93B8-9EF8DB0578D9}.Release|Any CPU.Build.0 = Release|Any CPU
	EndGlobalSection
	GlobalSection(SolutionProperties) = preSolution
		HideSolutionNode = FALSE
	EndGlobalSection
	GlobalSection(ExtensibilityGlobals) = postSolution
		SolutionGuid = {6A8D5526-B570-453F-8500-8895CE3750E5}
	EndGlobalSection
EndGlobal
